
Microsoft Visual Studio Solution File, Format Version 12.00
# Visual Studio Version 17
VisualStudioVersion = 17.11.35312.102
MinimumVisualStudioVersion = 10.0.40219.1
Project("{FAE04EC0-301F-11D3-BF4B-00C04F79EFBC}") = "DaysLeft", "DaysLeft\DaysLeft.csproj", "{443320B8-474B-43AB-B581-2833046BE174}"
EndProject
Global
	GlobalSection(SolutionConfigurationPlatforms) = preSolution
		Debug|Any CPU = Debug|Any CPU
		Release|Any CPU = Release|Any CPU
	EndGlobalSection
	GlobalSection(ProjectConfigurationPlatforms) = postSolution
		{443320B8-474B-43AB-B581-2833046BE174}.Debug|Any CPU.ActiveCfg = Debug|Any CPU
		{443320B8-474B-43AB-B581-2833046BE174}.Debug|Any CPU.Build.0 = Debug|Any CPU
		{443320B8-474B-43AB-B581-2833046BE174}.Release|Any CPU.ActiveCfg = Release|Any CPU
		{443320B8-474B-43AB-B581-2833046BE174}.Release|Any CPU.Build.0 = Release|Any CPU
	EndGlobalSection
	GlobalSection(SolutionProperties) = preSolution
		HideSolutionNode = FALSE
	EndGlobalSection
	GlobalSection(ExtensibilityGlobals) = postSolution
		SolutionGuid = {F19D47D5-6A28-44FC-987C-A4A8782EB572}
	EndGlobalSection
EndGlobal
